
Microsoft Visual Studio Solution File, Format Version 12.00
# Visual Studio Version 16
VisualStudioVersion = 16.0.30611.23
MinimumVisualStudioVersion = 10.0.40219.1
Project("{FAE04EC0-301F-11D3-BF4B-00C04F79EFBC}") = "Register Page", "Register Page.csproj", "{C1BC9CF0-AC50-4583-BFD6-BB4B58BF7182}"
EndProject
Global
	GlobalSection(SolutionConfigurationPlatforms) = preSolution
		Debug|Any CPU = Debug|Any CPU
		Release|Any CPU = Release|Any CPU
	EndGlobalSection
	GlobalSection(ProjectConfigurationPlatforms) = postSolution
		{C1BC9CF0-AC50-4583-BFD6-BB4B58BF7182}.Debug|Any CPU.ActiveCfg = Debug|Any CPU
		{C1BC9CF0-AC50-4583-BFD6-BB4B58BF7182}.Debug|Any CPU.Build.0 = Debug|Any CPU
		{C1BC9CF0-AC50-4583-BFD6-BB4B58BF7182}.Release|Any CPU.ActiveCfg = Release|Any CPU
		{C1BC9CF0-AC50-4583-BFD6-BB4B58BF7182}.Release|Any CPU.Build.0 = Release|Any CPU
	EndGlobalSection
	GlobalSection(SolutionProperties) = preSolution
		HideSolutionNode = FALSE
	EndGlobalSection
	GlobalSection(ExtensibilityGlobals) = postSolution
		SolutionGuid = {AC3D83BD-452C-45B1-BCB1-8B29B8693A32}
	EndGlobalSection
EndGlobal
